{
  "version": 4,
  "terraform_version": "1.5.7",
  "serial": 45,
  "lineage": "d65956f3-e4cf-2e90-82eb-8914db0aec78",
  "outputs": {
    "external_ip_address_nodes": {
      "value": {
        "node-0": "158.160.121.189",
        "node-1": "158.160.3.97",
        "node-2": "158.160.161.104"
      },
      "type": [
        "object",
        {
          "node-0": "string",
          "node-1": "string",
          "node-2": "string"
        }
      ]
    },
    "internal_ip_address_nodes": {
      "value": {
        "node-0": "10.10.1.14",
        "node-1": "10.10.2.3",
        "node-2": "10.10.3.31"
      },
      "type": [
        "object",
        {
          "node-0": "string",
          "node-1": "string",
          "node-2": "string"
        }
      ]
    }
  },
  "resources": [
    {
      "mode": "managed",
      "type": "yandex_compute_instance",
      "name": "cluster-k8s",
      "provider": "provider[\"registry.terraform.io/yandex-cloud/yandex\"]",
      "instances": [
        {
          "index_key": 0,
          "schema_version": 1,
          "attributes": {
            "allow_recreate": null,
            "allow_stopping_for_update": true,
            "boot_disk": [
              {
                "auto_delete": true,
                "device_name": "fhmlkdc3l6a55ebesb5h",
                "disk_id": "fhmlkdc3l6a55ebesb5h",
                "initialize_params": [
                  {
                    "block_size": 4096,
                    "description": "",
                    "image_id": "fd852pbtueis1q0pbt4o",
                    "name": "",
                    "size": 20,
                    "snapshot_id": "",
                    "type": "network-ssd"
                  }
                ],
                "mode": "READ_WRITE"
              }
            ],
            "created_at": "2024-04-25T17:02:41Z",
            "description": "",
            "filesystem": [],
            "folder_id": "b1gleu995pjjtd5eficp",
            "fqdn": "node-0.ru-central1.internal",
            "gpu_cluster_id": "",
            "hostname": "node-0",
            "id": "fhmcmhlj93vbm34milnm",
            "labels": {
              "index": "0"
            },
            "local_disk": [],
            "maintenance_grace_period": "",
            "maintenance_policy": null,
            "metadata": {
              "ssh-keys": "ubuntu:ssh-rsa AAAAB3NzaC1yc2EAAAADAQABAAABgQDnVPy9sCWSsoXvjMbPGcazVIqtntXmCu7RCeRNxRwKuocD8YinOwFdHiyECRjTcP4BrY7IakXYm1kAIp5xi8ZMTjxlnRqEePn4NMTGpIQyfx0BPR6IDrYkDKjqzqVIlD9wBRwaYAAoSOvzT1gxDHhLP3Ef4aYMJRpm7WCpO2Lj0LpK8vkNxv4kPZII0BJj3X6+D94cEbRJ4Y/zsIe6Aqp8Rn+0xWl+8XRQM1Qmc6ahcRVFWEiCLF7wslwJhhdLStti+hbcfdlhXGdh1Wj6vFy4dcw/+apIiy4Vg9usiUJZaB2fDvrcDAj/zeuuNJEYCIbadLOTrg/JFEZkJvlQfLRQJx1lXGpUXHjliXrnnx7newSvsX8Puz+WhNTYYgfK+E3LqXe8u6Ox0MdAlNYo+h53U5n8UkIEBzlue2F+4Ku90klc8QBfasIbjh0e6uTCEI21BknZPdTB4/8Yjk3HQFxAsQGLDKS5F4vOU8iwYYMrFD7RpsOrPsYgfV1BDGLIWTM= root@debianv\n"
            },
            "metadata_options": [
              {
                "aws_v1_http_endpoint": 1,
                "aws_v1_http_token": 2,
                "gce_http_endpoint": 1,
                "gce_http_token": 1
              }
            ],
            "name": "node-0",
            "network_acceleration_type": "standard",
            "network_interface": [
              {
                "dns_record": [],
                "index": 0,
                "ip_address": "10.10.1.14",
                "ipv4": true,
                "ipv6": false,
                "ipv6_address": "",
                "ipv6_dns_record": [],
                "mac_address": "d0:0d:cb:46:b3:48",
                "nat": true,
                "nat_dns_record": [],
                "nat_ip_address": "158.160.121.189",
                "nat_ip_version": "IPV4",
                "security_group_ids": [],
                "subnet_id": "e9bcv351qujsgca8ib8h"
              }
            ],
            "placement_policy": [
              {
                "host_affinity_rules": [],
                "placement_group_id": "",
                "placement_group_partition": 0
              }
            ],
            "platform_id": "standard-v2",
            "resources": [
              {
                "core_fraction": 100,
                "cores": 4,
                "gpus": 0,
                "memory": 4
              }
            ],
            "scheduling_policy": [
              {
                "preemptible": true
              }
            ],
            "secondary_disk": [],
            "service_account_id": "",
            "status": "running",
            "timeouts": null,
            "zone": "ru-central1-a"
          },
          "sensitive_attributes": [],
          "private": "eyJlMmJmYjczMC1lY2FhLTExZTYtOGY4OC0zNDM2M2JjN2M0YzAiOnsiY3JlYXRlIjozMDAwMDAwMDAwMDAsImRlbGV0ZSI6MzAwMDAwMDAwMDAwLCJ1cGRhdGUiOjMwMDAwMDAwMDAwMH0sInNjaGVtYV92ZXJzaW9uIjoiMSJ9",
          "dependencies": [
            "yandex_vpc_network.subnet-zones",
            "yandex_vpc_subnet.subnet-zones"
          ]
        },
        {
          "index_key": 1,
          "schema_version": 1,
          "attributes": {
            "allow_recreate": null,
            "allow_stopping_for_update": true,
            "boot_disk": [
              {
                "auto_delete": true,
                "device_name": "epdut8bq2i0drd4ec3k7",
                "disk_id": "epdut8bq2i0drd4ec3k7",
                "initialize_params": [
                  {
                    "block_size": 4096,
                    "description": "",
                    "image_id": "fd852pbtueis1q0pbt4o",
                    "name": "",
                    "size": 20,
                    "snapshot_id": "",
                    "type": "network-ssd"
                  }
                ],
                "mode": "READ_WRITE"
              }
            ],
            "created_at": "2024-04-25T17:02:41Z",
            "description": "",
            "filesystem": [],
            "folder_id": "b1gleu995pjjtd5eficp",
            "fqdn": "node-1.ru-central1.internal",
            "gpu_cluster_id": "",
            "hostname": "node-1",
            "id": "epdiqpsb1isceubvipp8",
            "labels": {
              "index": "1"
            },
            "local_disk": [],
            "maintenance_grace_period": "",
            "maintenance_policy": null,
            "metadata": {
              "ssh-keys": "ubuntu:ssh-rsa AAAAB3NzaC1yc2EAAAADAQABAAABgQDnVPy9sCWSsoXvjMbPGcazVIqtntXmCu7RCeRNxRwKuocD8YinOwFdHiyECRjTcP4BrY7IakXYm1kAIp5xi8ZMTjxlnRqEePn4NMTGpIQyfx0BPR6IDrYkDKjqzqVIlD9wBRwaYAAoSOvzT1gxDHhLP3Ef4aYMJRpm7WCpO2Lj0LpK8vkNxv4kPZII0BJj3X6+D94cEbRJ4Y/zsIe6Aqp8Rn+0xWl+8XRQM1Qmc6ahcRVFWEiCLF7wslwJhhdLStti+hbcfdlhXGdh1Wj6vFy4dcw/+apIiy4Vg9usiUJZaB2fDvrcDAj/zeuuNJEYCIbadLOTrg/JFEZkJvlQfLRQJx1lXGpUXHjliXrnnx7newSvsX8Puz+WhNTYYgfK+E3LqXe8u6Ox0MdAlNYo+h53U5n8UkIEBzlue2F+4Ku90klc8QBfasIbjh0e6uTCEI21BknZPdTB4/8Yjk3HQFxAsQGLDKS5F4vOU8iwYYMrFD7RpsOrPsYgfV1BDGLIWTM= root@debianv\n"
            },
            "metadata_options": [
              {
                "aws_v1_http_endpoint": 1,
                "aws_v1_http_token": 2,
                "gce_http_endpoint": 1,
                "gce_http_token": 1
              }
            ],
            "name": "node-1",
            "network_acceleration_type": "standard",
            "network_interface": [
              {
                "dns_record": [],
                "index": 0,
                "ip_address": "10.10.2.3",
                "ipv4": true,
                "ipv6": false,
                "ipv6_address": "",
                "ipv6_dns_record": [],
                "mac_address": "d0:0d:12:d6:78:b0",
                "nat": true,
                "nat_dns_record": [],
                "nat_ip_address": "158.160.3.97",
                "nat_ip_version": "IPV4",
                "security_group_ids": [],
                "subnet_id": "e2l64ngiguf9jh79uk4n"
              }
            ],
            "placement_policy": [
              {
                "host_affinity_rules": [],
                "placement_group_id": "",
                "placement_group_partition": 0
              }
            ],
            "platform_id": "standard-v2",
            "resources": [
              {
                "core_fraction": 100,
                "cores": 4,
                "gpus": 0,
                "memory": 4
              }
            ],
            "scheduling_policy": [
              {
                "preemptible": true
              }
            ],
            "secondary_disk": [],
            "service_account_id": "",
            "status": "running",
            "timeouts": null,
            "zone": "ru-central1-b"
          },
          "sensitive_attributes": [],
          "private": "eyJlMmJmYjczMC1lY2FhLTExZTYtOGY4OC0zNDM2M2JjN2M0YzAiOnsiY3JlYXRlIjozMDAwMDAwMDAwMDAsImRlbGV0ZSI6MzAwMDAwMDAwMDAwLCJ1cGRhdGUiOjMwMDAwMDAwMDAwMH0sInNjaGVtYV92ZXJzaW9uIjoiMSJ9",
          "dependencies": [
            "yandex_vpc_network.subnet-zones",
            "yandex_vpc_subnet.subnet-zones"
          ]
        },
        {
          "index_key": 2,
          "schema_version": 1,
          "attributes": {
            "allow_recreate": null,
            "allow_stopping_for_update": true,
            "boot_disk": [
              {
                "auto_delete": true,
                "device_name": "fv4k7acb17rnhmp8tnen",
                "disk_id": "fv4k7acb17rnhmp8tnen",
                "initialize_params": [
                  {
                    "block_size": 4096,
                    "description": "",
                    "image_id": "fd852pbtueis1q0pbt4o",
                    "name": "",
                    "size": 20,
                    "snapshot_id": "",
                    "type": "network-ssd"
                  }
                ],
                "mode": "READ_WRITE"
              }
            ],
            "created_at": "2024-04-25T17:02:41Z",
            "description": "",
            "filesystem": [],
            "folder_id": "b1gleu995pjjtd5eficp",
            "fqdn": "node-2.ru-central1.internal",
            "gpu_cluster_id": "",
            "hostname": "node-2",
            "id": "fv4hdn1rv94st83oafmj",
            "labels": {
              "index": "2"
            },
            "local_disk": [],
            "maintenance_grace_period": "",
            "maintenance_policy": null,
            "metadata": {
              "ssh-keys": "ubuntu:ssh-rsa AAAAB3NzaC1yc2EAAAADAQABAAABgQDnVPy9sCWSsoXvjMbPGcazVIqtntXmCu7RCeRNxRwKuocD8YinOwFdHiyECRjTcP4BrY7IakXYm1kAIp5xi8ZMTjxlnRqEePn4NMTGpIQyfx0BPR6IDrYkDKjqzqVIlD9wBRwaYAAoSOvzT1gxDHhLP3Ef4aYMJRpm7WCpO2Lj0LpK8vkNxv4kPZII0BJj3X6+D94cEbRJ4Y/zsIe6Aqp8Rn+0xWl+8XRQM1Qmc6ahcRVFWEiCLF7wslwJhhdLStti+hbcfdlhXGdh1Wj6vFy4dcw/+apIiy4Vg9usiUJZaB2fDvrcDAj/zeuuNJEYCIbadLOTrg/JFEZkJvlQfLRQJx1lXGpUXHjliXrnnx7newSvsX8Puz+WhNTYYgfK+E3LqXe8u6Ox0MdAlNYo+h53U5n8UkIEBzlue2F+4Ku90klc8QBfasIbjh0e6uTCEI21BknZPdTB4/8Yjk3HQFxAsQGLDKS5F4vOU8iwYYMrFD7RpsOrPsYgfV1BDGLIWTM= root@debianv\n"
            },
            "metadata_options": [
              {
                "aws_v1_http_endpoint": 1,
                "aws_v1_http_token": 2,
                "gce_http_endpoint": 1,
                "gce_http_token": 1
              }
            ],
            "name": "node-2",
            "network_acceleration_type": "standard",
            "network_interface": [
              {
                "dns_record": [],
                "index": 0,
                "ip_address": "10.10.3.31",
                "ipv4": true,
                "ipv6": false,
                "ipv6_address": "",
                "ipv6_dns_record": [],
                "mac_address": "d0:0d:11:6d:c3:bf",
                "nat": true,
                "nat_dns_record": [],
                "nat_ip_address": "158.160.161.104",
                "nat_ip_version": "IPV4",
                "security_group_ids": [],
                "subnet_id": "fl8n2fractdsdbjv18s5"
              }
            ],
            "placement_policy": [
              {
                "host_affinity_rules": [],
                "placement_group_id": "",
                "placement_group_partition": 0
              }
            ],
            "platform_id": "standard-v2",
            "resources": [
              {
                "core_fraction": 100,
                "cores": 4,
                "gpus": 0,
                "memory": 4
              }
            ],
            "scheduling_policy": [
              {
                "preemptible": true
              }
            ],
            "secondary_disk": [],
            "service_account_id": "",
            "status": "running",
            "timeouts": null,
            "zone": "ru-central1-d"
          },
          "sensitive_attributes": [],
          "private": "eyJlMmJmYjczMC1lY2FhLTExZTYtOGY4OC0zNDM2M2JjN2M0YzAiOnsiY3JlYXRlIjozMDAwMDAwMDAwMDAsImRlbGV0ZSI6MzAwMDAwMDAwMDAwLCJ1cGRhdGUiOjMwMDAwMDAwMDAwMH0sInNjaGVtYV92ZXJzaW9uIjoiMSJ9",
          "dependencies": [
            "yandex_vpc_network.subnet-zones",
            "yandex_vpc_subnet.subnet-zones"
          ]
        }
      ]
    },
    {
      "mode": "managed",
      "type": "yandex_iam_service_account",
      "name": "sa-terraform",
      "provider": "provider[\"registry.terraform.io/yandex-cloud/yandex\"]",
      "instances": [
        {
          "schema_version": 0,
          "attributes": {
            "created_at": "2024-04-25T17:02:36Z",
            "description": "",
            "folder_id": "b1gleu995pjjtd5eficp",
            "id": "ajep6shkjhcljpjmb9q0",
            "name": "sa-terraform",
            "timeouts": null
          },
          "sensitive_attributes": [],
          "private": "eyJlMmJmYjczMC1lY2FhLTExZTYtOGY4OC0zNDM2M2JjN2M0YzAiOnsiY3JlYXRlIjo2MDAwMDAwMDAwMCwiZGVsZXRlIjo2MDAwMDAwMDAwMCwidXBkYXRlIjo2MDAwMDAwMDAwMH19"
        }
      ]
    },
    {
      "mode": "managed",
      "type": "yandex_iam_service_account_static_access_key",
      "name": "sa-static-key",
      "provider": "provider[\"registry.terraform.io/yandex-cloud/yandex\"]",
      "instances": [
        {
          "schema_version": 0,
          "attributes": {
            "access_key": "YCAJEDKQikJLrbyFiXU2xTgJD",
            "created_at": "2024-04-25T17:02:38Z",
            "description": "static access key",
            "encrypted_secret_key": null,
            "id": "aje0k774qf0rsqh4ef0k",
            "key_fingerprint": null,
            "pgp_key": null,
            "secret_key": "YCMeKwliyuj8jKf2sKDsVR3mLwRWJV2Z-YchSL12",
            "service_account_id": "ajep6shkjhcljpjmb9q0"
          },
          "sensitive_attributes": [],
          "private": "bnVsbA==",
          "dependencies": [
            "yandex_iam_service_account.sa-terraform"
          ]
        }
      ]
    },
    {
      "mode": "managed",
      "type": "yandex_lb_network_load_balancer",
      "name": "k8s-lb",
      "provider": "provider[\"registry.terraform.io/yandex-cloud/yandex\"]",
      "instances": [
        {
          "schema_version": 0,
          "attributes": {
            "attached_target_group": [
              {
                "healthcheck": [
                  {
                    "healthy_threshold": 2,
                    "http_options": [
                      {
                        "path": "/login",
                        "port": 30090
                      }
                    ],
                    "interval": 2,
                    "name": "http",
                    "tcp_options": [],
                    "timeout": 1,
                    "unhealthy_threshold": 2
                  }
                ],
                "target_group_id": "enpcdp5f8ds1rcl76u3v"
              }
            ],
            "created_at": "2024-05-06T09:04:03Z",
            "deletion_protection": false,
            "description": "",
            "folder_id": "b1gleu995pjjtd5eficp",
            "id": "enpsi0bq6jhl7idcms82",
            "labels": null,
            "listener": [
              {
                "external_address_spec": [
                  {
                    "address": "158.160.130.124",
                    "ip_version": "ipv4"
                  }
                ],
                "internal_address_spec": [],
                "name": "app-listener",
                "port": 80,
                "protocol": "tcp",
                "target_port": 30880
              },
              {
                "external_address_spec": [
                  {
                    "address": "158.160.130.124",
                    "ip_version": "ipv4"
                  }
                ],
                "internal_address_spec": [],
                "name": "grafana-listener",
                "port": 3000,
                "protocol": "tcp",
                "target_port": 30090
              },
              {
                "external_address_spec": [
                  {
                    "address": "158.160.130.124",
                    "ip_version": "ipv4"
                  }
                ],
                "internal_address_spec": [],
                "name": "jenkins-listener",
                "port": 8080,
                "protocol": "tcp",
                "target_port": 32000
              }
            ],
            "name": "default-k8s-lb",
            "region_id": "ru-central1",
            "timeouts": null,
            "type": "external"
          },
          "sensitive_attributes": [],
          "private": "eyJlMmJmYjczMC1lY2FhLTExZTYtOGY4OC0zNDM2M2JjN2M0YzAiOnsiY3JlYXRlIjozMDAwMDAwMDAwMDAsImRlbGV0ZSI6MzAwMDAwMDAwMDAwLCJ1cGRhdGUiOjMwMDAwMDAwMDAwMH19",
          "dependencies": [
            "yandex_compute_instance.cluster-k8s",
            "yandex_lb_target_group.k8s_lb_tg"
          ]
        }
      ]
    },
    {
      "mode": "managed",
      "type": "yandex_lb_target_group",
      "name": "k8s_lb_tg",
      "provider": "provider[\"registry.terraform.io/yandex-cloud/yandex\"]",
      "instances": [
        {
          "schema_version": 0,
          "attributes": {
            "created_at": "2024-05-06T09:04:01Z",
            "description": "",
            "folder_id": "b1gleu995pjjtd5eficp",
            "id": "enpcdp5f8ds1rcl76u3v",
            "labels": null,
            "name": "default-k8s-tg",
            "region_id": "ru-central1",
            "target": [
              {
                "address": "10.10.1.14",
                "subnet_id": "e9bcv351qujsgca8ib8h"
              },
              {
                "address": "10.10.2.3",
                "subnet_id": "e2l64ngiguf9jh79uk4n"
              },
              {
                "address": "10.10.3.31",
                "subnet_id": "fl8n2fractdsdbjv18s5"
              }
            ],
            "timeouts": null
          },
          "sensitive_attributes": [],
          "private": "eyJlMmJmYjczMC1lY2FhLTExZTYtOGY4OC0zNDM2M2JjN2M0YzAiOnsiY3JlYXRlIjozMDAwMDAwMDAwMDAsImRlbGV0ZSI6MzAwMDAwMDAwMDAwLCJ1cGRhdGUiOjMwMDAwMDAwMDAwMH19",
          "dependencies": [
            "yandex_compute_instance.cluster-k8s"
          ]
        }
      ]
    },
    {
      "mode": "managed",
      "type": "yandex_resourcemanager_folder_iam_member",
      "name": "terraform-editor",
      "provider": "provider[\"registry.terraform.io/yandex-cloud/yandex\"]",
      "instances": [
        {
          "schema_version": 0,
          "attributes": {
            "folder_id": "b1gleu995pjjtd5eficp",
            "id": "b1gleu995pjjtd5eficp/editor/serviceAccount:ajep6shkjhcljpjmb9q0",
            "member": "serviceAccount:ajep6shkjhcljpjmb9q0",
            "role": "editor",
            "sleep_after": null,
            "timeouts": null
          },
          "sensitive_attributes": [],
          "private": "eyJlMmJmYjczMC1lY2FhLTExZTYtOGY4OC0zNDM2M2JjN2M0YzAiOnsiY3JlYXRlIjo2MDAwMDAwMDAwMCwiZGVmYXVsdCI6NjAwMDAwMDAwMDAsImRlbGV0ZSI6NjAwMDAwMDAwMDAsInJlYWQiOjYwMDAwMDAwMDAwLCJ1cGRhdGUiOjYwMDAwMDAwMDAwfX0=",
          "dependencies": [
            "yandex_iam_service_account.sa-terraform"
          ]
        }
      ]
    },
    {
      "mode": "managed",
      "type": "yandex_storage_bucket",
      "name": "netology-bucketx",
      "provider": "provider[\"registry.terraform.io/yandex-cloud/yandex\"]",
      "instances": [
        {
          "schema_version": 1,
          "attributes": {
            "access_key": "YCAJEDKQikJLrbyFiXU2xTgJD",
            "acl": "private",
            "anonymous_access_flags": [
              {
                "config_read": false,
                "list": false,
                "read": false
              }
            ],
            "bucket": "zatulik-netology-bucketz",
            "bucket_domain_name": "zatulik-netology-bucketz.storage.yandexcloud.net",
            "bucket_prefix": null,
            "cors_rule": [],
            "default_storage_class": "STANDARD",
            "folder_id": "b1gleu995pjjtd5eficp",
            "force_destroy": true,
            "grant": [],
            "https": [],
            "id": "zatulik-netology-bucketz",
            "lifecycle_rule": [],
            "logging": [],
            "max_size": 0,
            "object_lock_configuration": [],
            "policy": "",
            "secret_key": "YCMeKwliyuj8jKf2sKDsVR3mLwRWJV2Z-YchSL12",
            "server_side_encryption_configuration": [],
            "tags": {},
            "versioning": [
              {
                "enabled": false
              }
            ],
            "website": [],
            "website_domain": null,
            "website_endpoint": null
          },
          "sensitive_attributes": [
            [
              {
                "type": "get_attr",
                "value": "secret_key"
              }
            ]
          ],
          "private": "eyJzY2hlbWFfdmVyc2lvbiI6IjEifQ==",
          "dependencies": [
            "yandex_iam_service_account_static_access_key.sa-static-key"
          ]
        }
      ]
    },
    {
      "mode": "managed",
      "type": "yandex_vpc_network",
      "name": "subnet-zones",
      "provider": "provider[\"registry.terraform.io/yandex-cloud/yandex\"]",
      "instances": [
        {
          "schema_version": 0,
          "attributes": {
            "created_at": "2024-04-25T17:02:36Z",
            "default_security_group_id": "enptu91seba70co79lgo",
            "description": "",
            "folder_id": "b1gleu995pjjtd5eficp",
            "id": "enpiij9hsoetrkukb3mf",
            "labels": {},
            "name": "net",
            "subnet_ids": [
              "e2l64ngiguf9jh79uk4n",
              "e9bcv351qujsgca8ib8h",
              "fl8n2fractdsdbjv18s5"
            ],
            "timeouts": null
          },
          "sensitive_attributes": [],
          "private": "eyJlMmJmYjczMC1lY2FhLTExZTYtOGY4OC0zNDM2M2JjN2M0YzAiOnsiY3JlYXRlIjo2MDAwMDAwMDAwMCwiZGVsZXRlIjo2MDAwMDAwMDAwMCwidXBkYXRlIjo2MDAwMDAwMDAwMH19"
        }
      ]
    },
    {
      "mode": "managed",
      "type": "yandex_vpc_subnet",
      "name": "subnet-zones",
      "provider": "provider[\"registry.terraform.io/yandex-cloud/yandex\"]",
      "instances": [
        {
          "index_key": 0,
          "schema_version": 0,
          "attributes": {
            "created_at": "2024-04-25T17:02:38Z",
            "description": "",
            "dhcp_options": [],
            "folder_id": "b1gleu995pjjtd5eficp",
            "id": "e9bcv351qujsgca8ib8h",
            "labels": {},
            "name": "subnet-ru-central1-a",
            "network_id": "enpiij9hsoetrkukb3mf",
            "route_table_id": "",
            "timeouts": null,
            "v4_cidr_blocks": [
              "10.10.1.0/24"
            ],
            "v6_cidr_blocks": [],
            "zone": "ru-central1-a"
          },
          "sensitive_attributes": [],
          "private": "eyJlMmJmYjczMC1lY2FhLTExZTYtOGY4OC0zNDM2M2JjN2M0YzAiOnsiY3JlYXRlIjoxODAwMDAwMDAwMDAsImRlbGV0ZSI6MTgwMDAwMDAwMDAwLCJ1cGRhdGUiOjE4MDAwMDAwMDAwMH19",
          "dependencies": [
            "yandex_vpc_network.subnet-zones"
          ]
        },
        {
          "index_key": 1,
          "schema_version": 0,
          "attributes": {
            "created_at": "2024-04-25T17:02:39Z",
            "description": "",
            "dhcp_options": [],
            "folder_id": "b1gleu995pjjtd5eficp",
            "id": "e2l64ngiguf9jh79uk4n",
            "labels": {},
            "name": "subnet-ru-central1-b",
            "network_id": "enpiij9hsoetrkukb3mf",
            "route_table_id": "",
            "timeouts": null,
            "v4_cidr_blocks": [
              "10.10.2.0/24"
            ],
            "v6_cidr_blocks": [],
            "zone": "ru-central1-b"
          },
          "sensitive_attributes": [],
          "private": "eyJlMmJmYjczMC1lY2FhLTExZTYtOGY4OC0zNDM2M2JjN2M0YzAiOnsiY3JlYXRlIjoxODAwMDAwMDAwMDAsImRlbGV0ZSI6MTgwMDAwMDAwMDAwLCJ1cGRhdGUiOjE4MDAwMDAwMDAwMH19",
          "dependencies": [
            "yandex_vpc_network.subnet-zones"
          ]
        },
        {
          "index_key": 2,
          "schema_version": 0,
          "attributes": {
            "created_at": "2024-04-25T17:02:40Z",
            "description": "",
            "dhcp_options": [],
            "folder_id": "b1gleu995pjjtd5eficp",
            "id": "fl8n2fractdsdbjv18s5",
            "labels": {},
            "name": "subnet-ru-central1-d",
            "network_id": "enpiij9hsoetrkukb3mf",
            "route_table_id": "",
            "timeouts": null,
            "v4_cidr_blocks": [
              "10.10.3.0/24"
            ],
            "v6_cidr_blocks": [],
            "zone": "ru-central1-d"
          },
          "sensitive_attributes": [],
          "private": "eyJlMmJmYjczMC1lY2FhLTExZTYtOGY4OC0zNDM2M2JjN2M0YzAiOnsiY3JlYXRlIjoxODAwMDAwMDAwMDAsImRlbGV0ZSI6MTgwMDAwMDAwMDAwLCJ1cGRhdGUiOjE4MDAwMDAwMDAwMH19",
          "dependencies": [
            "yandex_vpc_network.subnet-zones"
          ]
        }
      ]
    }
  ],
  "check_results": null
}
